
Microsoft Visual Studio Solution File, Format Version 12.00
# Visual Studio Version 17
VisualStudioVersion = 17.8.34511.84
MinimumVisualStudioVersion = 10.0.40219.1
Project("{FAE04EC0-301F-11D3-BF4B-00C04F79EFBC}") = "Inventory", "Inventory\Inventory.csproj", "{574488DD-A100-402A-B243-5A4223ACB45A}"
EndProject
Global
	GlobalSection(SolutionConfigurationPlatforms) = preSolution
		Debug|Any CPU = Debug|Any CPU
		Release|Any CPU = Release|Any CPU
	EndGlobalSection
	GlobalSection(ProjectConfigurationPlatforms) = postSolution
		{574488DD-A100-402A-B243-5A4223ACB45A}.Debug|Any CPU.ActiveCfg = Debug|Any CPU
		{574488DD-A100-402A-B243-5A4223ACB45A}.Debug|Any CPU.Build.0 = Debug|Any CPU
		{574488DD-A100-402A-B243-5A4223ACB45A}.Release|Any CPU.ActiveCfg = Release|Any CPU
		{574488DD-A100-402A-B243-5A4223ACB45A}.Release|Any CPU.Build.0 = Release|Any CPU
	EndGlobalSection
	GlobalSection(SolutionProperties) = preSolution
		HideSolutionNode = FALSE
	EndGlobalSection
	GlobalSection(ExtensibilityGlobals) = postSolution
		SolutionGuid = {8CEB70C1-199A-454A-8E4C-53B28227CB92}
	EndGlobalSection
EndGlobal
